<?xml version="1.0" encoding="utf-8"?>
<Project ToolsVersion="4.0" xmlns="http://schemas.microsoft.com/developer/msbuild/2003">
  <ItemGroup>
    <Filter Include="Source Files">
      <UniqueIdentifier>{4FC737F1-C7A5-4376-A066-2A32D752A2FF}</UniqueIdentifier>
      <Extensions>cpp;c;cc;cxx;def;odl;idl;hpj;bat;asm;asmx</Extensions>
    </Filter>
    <Filter Include="Header Files">
      <UniqueIdentifier>{93995380-89BD-4b04-88EB-625FBE52EBFB}</UniqueIdentifier>
      <Extensions>h;hh;hpp;hxx;hm;inl;inc;xsd</Extensions>
    </Filter>
    <Filter Include="Resource Files">
      <UniqueIdentifier>{67DA6AB6-F800-4c08-8B7A-83BB121AAD01}</UniqueIdentifier>
      <Extensions>rc;ico;cur;bmp;dlg;rc2;rct;bin;rgs;gif;jpg;jpeg;jpe;resx;tiff;tif;png;wav;mfcribbon-ms</Extensions>
    </Filter>
    <Filter Include="Form Files">
      <UniqueIdentifier>{99349809-55BA-4b9d-BF79-8FDBB0286EB3}</UniqueIdentifier>
      <Extensions>ui</Extensions>
    </Filter>
    <Filter Include="Resource Files">
      <UniqueIdentifier>{D9D6E242-F8AF-46E4-B9FD-80ECBC20BA3E}</UniqueIdentifier>
      <Extensions>qrc;*</Extensions>
      <ParseFiles>false</ParseFiles>
    </Filter>
  </ItemGroup>
  <ItemGroup>
    <QtRcc Include="XinyiVmm.qrc">
      <Filter>Resource Files</Filter>
    </QtRcc>
    <QtUic Include="XinyiVmm.ui">
      <Filter>Resource Files</Filter>
    </QtUic>
    <QtMoc Include="XinyiVmm.h">
      <Filter>Header Files</Filter>
    </QtMoc>
    <ClCompile Include="XinyiVmm.cpp">
      <Filter>Source Files</Filter>
    </ClCompile>
  </ItemGroup>
  <ItemGroup>
    <ClCompile Include="main.cpp">
      <Filter>Source Files</Filter>
    </ClCompile>
    <ClCompile Include="basicinfo.cpp">
      <Filter>Source Files</Filter>
    </ClCompile>
    <ClCompile Include="regedit\regedit.cpp">
      <Filter>Source Files</Filter>
    </ClCompile>
    <ClCompile Include="User.cpp">
      <Filter>Source Files</Filter>
    </ClCompile>
    <ClCompile Include="Scylla\OsInfo.cpp">
      <Filter>Source Files</Filter>
    </ClCompile>
    <ClCompile Include="Scylla\Peb.cpp">
      <Filter>Source Files</Filter>
    </ClCompile>
    <ClCompile Include="Scylla\PebHider.cpp">
      <Filter>Source Files</Filter>
    </ClCompile>
    <ClCompile Include="Scylla\Util.cpp">
      <Filter>Source Files</Filter>
    </ClCompile>
  </ItemGroup>
  <ItemGroup>
    <ClInclude Include="basicinfo.h">
      <Filter>Header Files</Filter>
    </ClInclude>
    <ClInclude Include="regedit\regedit.h">
      <Filter>Header Files</Filter>
    </ClInclude>
    <ClInclude Include="User.h">
      <Filter>Header Files</Filter>
    </ClInclude>
    <ClInclude Include="Scylla\NtApiShim.h">
      <Filter>Header Files</Filter>
    </ClInclude>
    <ClInclude Include="Scylla\OsInfo.h">
      <Filter>Header Files</Filter>
    </ClInclude>
    <ClInclude Include="Scylla\Peb.h">
      <Filter>Header Files</Filter>
    </ClInclude>
    <ClInclude Include="Scylla\PebHider.h">
      <Filter>Header Files</Filter>
    </ClInclude>
    <ClInclude Include="Scylla\Resource.h">
      <Filter>Header Files</Filter>
    </ClInclude>
    <ClInclude Include="Scylla\Util.h">
      <Filter>Header Files</Filter>
    </ClInclude>
    <ClInclude Include="Scylla\Win32kSyscalls.h">
      <Filter>Header Files</Filter>
    </ClInclude>
    <ClInclude Include="resource.h">
      <Filter>Header Files</Filter>
    </ClInclude>
    <ClInclude Include="libpe\version.h">
      <Filter>Header Files</Filter>
    </ClInclude>
  </ItemGroup>
  <ItemGroup>
    <ResourceCompile Include="XinyiVmm.rc">
      <Filter>Resource Files</Filter>
    </ResourceCompile>
  </ItemGroup>
  <ItemGroup>
    <Image Include="20201125095101605_easyicon_net_32.ico">
      <Filter>Resource Files</Filter>
    </Image>
  </ItemGroup>
</Project>