<?xml version="1.0" encoding="utf-8"?>
<Project ToolsVersion="4.0" xmlns="http://schemas.microsoft.com/developer/msbuild/2003">
  <ItemGroup>
    <Filter Include="Source Files">
      <UniqueIdentifier>{4FC737F1-C7A5-4376-A066-2A32D752A2FF}</UniqueIdentifier>
      <Extensions>cpp;c;cc;cxx;def;odl;idl;hpj;bat;asm;asmx</Extensions>
    </Filter>
    <Filter Include="Header Files">
      <UniqueIdentifier>{93995380-89BD-4b04-88EB-625FBE52EBFB}</UniqueIdentifier>
      <Extensions>h;hpp;hxx;hm;inl;inc;xsd</Extensions>
    </Filter>
    <Filter Include="Resource Files">
      <UniqueIdentifier>{67DA6AB6-F800-4c08-8B7A-83BB121AAD01}</UniqueIdentifier>
      <Extensions>rc;ico;cur;bmp;dlg;rc2;rct;bin;rgs;gif;jpg;jpeg;jpe;resx;tiff;tif;png;wav;mfcribbon-ms</Extensions>
    </Filter>
    <Filter Include="Driver Files">
      <UniqueIdentifier>{8E41214B-6785-4CFE-B992-037D68949A14}</UniqueIdentifier>
      <Extensions>inf;inv;inx;mof;mc;</Extensions>
    </Filter>
  </ItemGroup>
  <ItemGroup>
    <Inf Include="HyperPlatform\HyperPlatform.inf">
      <Filter>Driver Files</Filter>
    </Inf>
  </ItemGroup>
  <ItemGroup>
    <ClCompile Include="include\callback.cpp">
      <Filter>Source Files</Filter>
    </ClCompile>
    <ClCompile Include="include\cr3.cpp">
      <Filter>Source Files</Filter>
    </ClCompile>
    <ClCompile Include="include\ddyutil.cpp">
      <Filter>Source Files</Filter>
    </ClCompile>
    <ClCompile Include="include\instruction_check.cpp">
      <Filter>Source Files</Filter>
    </ClCompile>
    <ClCompile Include="include\modify_instruction.cpp">
      <Filter>Source Files</Filter>
    </ClCompile>
    <ClCompile Include="include\ntdll.cpp">
      <Filter>Source Files</Filter>
    </ClCompile>
    <ClCompile Include="include\pe.cpp">
      <Filter>Source Files</Filter>
    </ClCompile>
    <ClCompile Include="HyperPlatform\ept.cpp">
      <Filter>Source Files</Filter>
    </ClCompile>
    <ClCompile Include="HyperPlatform\global_object.cpp">
      <Filter>Source Files</Filter>
    </ClCompile>
    <ClCompile Include="HyperPlatform\hotplug_callback.cpp">
      <Filter>Source Files</Filter>
    </ClCompile>
    <ClCompile Include="HyperPlatform\log.cpp">
      <Filter>Source Files</Filter>
    </ClCompile>
    <ClCompile Include="HyperPlatform\performance.cpp">
      <Filter>Source Files</Filter>
    </ClCompile>
    <ClCompile Include="HyperPlatform\power_callback.cpp">
      <Filter>Source Files</Filter>
    </ClCompile>
    <ClCompile Include="HyperPlatform\util.cpp">
      <Filter>Source Files</Filter>
    </ClCompile>
    <ClCompile Include="HyperPlatform\vm.cpp">
      <Filter>Source Files</Filter>
    </ClCompile>
    <ClCompile Include="HyperPlatform\vmm.cpp">
      <Filter>Source Files</Filter>
    </ClCompile>
    <ClCompile Include="HyperPlatform\driver.cpp">
      <Filter>Source Files</Filter>
    </ClCompile>
    <ClCompile Include="Stowaways.cpp">
      <Filter>Source Files</Filter>
    </ClCompile>
    <ClCompile Include="minihook_kernel\minihook_src\hde\hde32.c">
      <Filter>Source Files</Filter>
    </ClCompile>
    <ClCompile Include="minihook_kernel\minihook_src\hde\hde64.c">
      <Filter>Source Files</Filter>
    </ClCompile>
    <ClCompile Include="minihook_kernel\minihook_src\buffer.cpp">
      <Filter>Source Files</Filter>
    </ClCompile>
    <ClCompile Include="minihook_kernel\minihook_src\hook.c">
      <Filter>Source Files</Filter>
    </ClCompile>
    <ClCompile Include="minihook_kernel\minihook_src\trampoline.c">
      <Filter>Source Files</Filter>
    </ClCompile>
    <ClCompile Include="minihook_kernel\minihook_include\minihook_cr3.cpp">
      <Filter>Source Files</Filter>
    </ClCompile>
    <ClCompile Include="minihook_kernel\minihook_include\minihook_pe.cpp">
      <Filter>Source Files</Filter>
    </ClCompile>
    <ClCompile Include="KernelSocked\berkeley.c">
      <Filter>Source Files</Filter>
    </ClCompile>
    <ClCompile Include="KernelSocked\DDYSocket.cpp">
      <Filter>Source Files</Filter>
    </ClCompile>
    <ClCompile Include="KernelSocked\ksocket.c">
      <Filter>Source Files</Filter>
    </ClCompile>
    <ClCompile Include="AobScan.cpp">
      <Filter>Source Files</Filter>
    </ClCompile>
    <ClCompile Include="MemoryHide.cpp">
      <Filter>Source Files</Filter>
    </ClCompile>
    <ClCompile Include="ProcessUtil.cpp">
      <Filter>Source Files</Filter>
    </ClCompile>
    <ClCompile Include="hideoffset.cpp">
      <Filter>Source Files</Filter>
    </ClCompile>
    <ClCompile Include="SsdtHook.cpp">
      <Filter>Source Files</Filter>
    </ClCompile>
    <ClCompile Include="Win10_17763.cpp">
      <Filter>Source Files</Filter>
    </ClCompile>
    <ClCompile Include="Win10_16299.cpp">
      <Filter>Source Files</Filter>
    </ClCompile>
    <ClCompile Include="Win10_17134.cpp">
      <Filter>Source Files</Filter>
    </ClCompile>
    <ClCompile Include="Win10_15063.cpp">
      <Filter>Source Files</Filter>
    </ClCompile>
    <ClCompile Include="Win7_7601.cpp">
      <Filter>Source Files</Filter>
    </ClCompile>
  </ItemGroup>
  <ItemGroup>
    <ClInclude Include="include\callback.h">
      <Filter>Header Files</Filter>
    </ClInclude>
    <ClInclude Include="include\cr3.h">
      <Filter>Header Files</Filter>
    </ClInclude>
    <ClInclude Include="include\ddyutil.h">
      <Filter>Header Files</Filter>
    </ClInclude>
    <ClInclude Include="include\instruction_check.h">
      <Filter>Header Files</Filter>
    </ClInclude>
    <ClInclude Include="include\intel_code.h">
      <Filter>Header Files</Filter>
    </ClInclude>
    <ClInclude Include="include\log.h">
      <Filter>Header Files</Filter>
    </ClInclude>
    <ClInclude Include="include\modify_instruction.h">
      <Filter>Header Files</Filter>
    </ClInclude>
    <ClInclude Include="include\ntdll.h">
      <Filter>Header Files</Filter>
    </ClInclude>
    <ClInclude Include="include\pe.h">
      <Filter>Header Files</Filter>
    </ClInclude>
    <ClInclude Include="include\ssdt.h">
      <Filter>Header Files</Filter>
    </ClInclude>
    <ClInclude Include="include\undocenum.h">
      <Filter>Header Files</Filter>
    </ClInclude>
    <ClInclude Include="include\undocfun.h">
      <Filter>Header Files</Filter>
    </ClInclude>
    <ClInclude Include="include\undocstruct.h">
      <Filter>Header Files</Filter>
    </ClInclude>
    <ClInclude Include="include\utilenum.h">
      <Filter>Header Files</Filter>
    </ClInclude>
    <ClInclude Include="include\vt.h">
      <Filter>Header Files</Filter>
    </ClInclude>
    <ClInclude Include="HyperPlatform\asm.h">
      <Filter>Header Files</Filter>
    </ClInclude>
    <ClInclude Include="HyperPlatform\common.h">
      <Filter>Header Files</Filter>
    </ClInclude>
    <ClInclude Include="HyperPlatform\ept.h">
      <Filter>Header Files</Filter>
    </ClInclude>
    <ClInclude Include="HyperPlatform\global_object.h">
      <Filter>Header Files</Filter>
    </ClInclude>
    <ClInclude Include="HyperPlatform\hotplug_callback.h">
      <Filter>Header Files</Filter>
    </ClInclude>
    <ClInclude Include="HyperPlatform\ia32_type.h">
      <Filter>Header Files</Filter>
    </ClInclude>
    <ClInclude Include="HyperPlatform\log.h">
      <Filter>Header Files</Filter>
    </ClInclude>
    <ClInclude Include="HyperPlatform\perf_counter.h">
      <Filter>Header Files</Filter>
    </ClInclude>
    <ClInclude Include="HyperPlatform\performance.h">
      <Filter>Header Files</Filter>
    </ClInclude>
    <ClInclude Include="HyperPlatform\power_callback.h">
      <Filter>Header Files</Filter>
    </ClInclude>
    <ClInclude Include="HyperPlatform\util.h">
      <Filter>Header Files</Filter>
    </ClInclude>
    <ClInclude Include="HyperPlatform\util_page_constants.h">
      <Filter>Header Files</Filter>
    </ClInclude>
    <ClInclude Include="HyperPlatform\vm.h">
      <Filter>Header Files</Filter>
    </ClInclude>
    <ClInclude Include="HyperPlatform\vmm.h">
      <Filter>Header Files</Filter>
    </ClInclude>
    <ClInclude Include="HyperPlatform\driver.h">
      <Filter>Header Files</Filter>
    </ClInclude>
    <ClInclude Include="Stowaways.h">
      <Filter>Header Files</Filter>
    </ClInclude>
    <ClInclude Include="minihook_kernel\minihook_src\hde\hde32.h">
      <Filter>Header Files</Filter>
    </ClInclude>
    <ClInclude Include="minihook_kernel\minihook_src\hde\hde64.h">
      <Filter>Header Files</Filter>
    </ClInclude>
    <ClInclude Include="minihook_kernel\minihook_src\hde\pstdint.h">
      <Filter>Header Files</Filter>
    </ClInclude>
    <ClInclude Include="minihook_kernel\minihook_src\hde\table32.h">
      <Filter>Header Files</Filter>
    </ClInclude>
    <ClInclude Include="minihook_kernel\minihook_src\hde\table64.h">
      <Filter>Header Files</Filter>
    </ClInclude>
    <ClInclude Include="minihook_kernel\minihook_src\buffer.h">
      <Filter>Header Files</Filter>
    </ClInclude>
    <ClInclude Include="minihook_kernel\minihook_src\trampoline.h">
      <Filter>Header Files</Filter>
    </ClInclude>
    <ClInclude Include="minihook_kernel\minihook_include\MinHook.h">
      <Filter>Header Files</Filter>
    </ClInclude>
    <ClInclude Include="minihook_kernel\minihook_include\minihook_cr3.h">
      <Filter>Header Files</Filter>
    </ClInclude>
    <ClInclude Include="minihook_kernel\minihook_include\minihook_pe.h">
      <Filter>Header Files</Filter>
    </ClInclude>
    <ClInclude Include="KernelSocked\DDYSocket.h">
      <Filter>Header Files</Filter>
    </ClInclude>
    <ClInclude Include="KernelSocked\berkeley.h">
      <Filter>Header Files</Filter>
    </ClInclude>
    <ClInclude Include="KernelSocked\ksocket.h">
      <Filter>Header Files</Filter>
    </ClInclude>
    <ClInclude Include="AobScan.h">
      <Filter>Header Files</Filter>
    </ClInclude>
    <ClInclude Include="MemoryHide.h">
      <Filter>Header Files</Filter>
    </ClInclude>
    <ClInclude Include="ProcessUtil.h">
      <Filter>Header Files</Filter>
    </ClInclude>
    <ClInclude Include="debugoffset.h">
      <Filter>Header Files</Filter>
    </ClInclude>
    <ClInclude Include="hideoffset.h">
      <Filter>Header Files</Filter>
    </ClInclude>
    <ClInclude Include="OffsetHandler.h">
      <Filter>Header Files</Filter>
    </ClInclude>
    <ClInclude Include="SsdtHook.h">
      <Filter>Header Files</Filter>
    </ClInclude>
  </ItemGroup>
  <ItemGroup>
    <MASM Include="HyperPlatform\Arch\x64\x64.asm">
      <Filter>Source Files</Filter>
    </MASM>
    <MASM Include="PauseProcess.asm">
      <Filter>Source Files</Filter>
    </MASM>
    <MASM Include="OffsetHandler.asm">
      <Filter>Source Files</Filter>
    </MASM>
    <MASM Include="PreSsdtApi.asm">
      <Filter>Source Files</Filter>
    </MASM>
    <MASM Include="callback.asm">
      <Filter>Source Files</Filter>
    </MASM>
  </ItemGroup>
  <ItemGroup>
    <None Include="HyperPlatform\Directory.build.props" />
    <None Include="HyperPlatform\HyperPlatform.ruleset" />
  </ItemGroup>
  <ItemGroup>
    <Library Include="lib\Zydis.lib" />
  </ItemGroup>
</Project>