<?xml version="1.0" encoding="utf-8"?>
<Project ToolsVersion="4.0" xmlns="http://schemas.microsoft.com/developer/msbuild/2003">
  <ItemGroup>
    <Filter Include="Source Files">
      <UniqueIdentifier>{4FC737F1-C7A5-4376-A066-2A32D752A2FF}</UniqueIdentifier>
      <Extensions>cpp;c;cc;cxx;def;odl;idl;hpj;bat;asm;asmx</Extensions>
    </Filter>
    <Filter Include="Header Files">
      <UniqueIdentifier>{93995380-89BD-4b04-88EB-625FBE52EBFB}</UniqueIdentifier>
      <Extensions>h;hpp;hxx;hm;inl;inc;xsd</Extensions>
    </Filter>
    <Filter Include="Resource Files">
      <UniqueIdentifier>{67DA6AB6-F800-4c08-8B7A-83BB121AAD01}</UniqueIdentifier>
      <Extensions>rc;ico;cur;bmp;dlg;rc2;rct;bin;rgs;gif;jpg;jpeg;jpe;resx;tiff;tif;png;wav;mfcribbon-ms</Extensions>
    </Filter>
    <Filter Include="Driver Files">
      <UniqueIdentifier>{8E41214B-6785-4CFE-B992-037D68949A14}</UniqueIdentifier>
      <Extensions>inf;inv;inx;mof;mc;</Extensions>
    </Filter>
  </ItemGroup>
  <ItemGroup>
    <ClCompile Include="main.cpp">
      <Filter>Source Files</Filter>
    </ClCompile>
    <ClCompile Include="vmexit_custom.cpp">
      <Filter>Source Files</Filter>
    </ClCompile>
    <ClCompile Include="device_custom.cpp">
      <Filter>Source Files</Filter>
    </ClCompile>
    <ClCompile Include="Stowaways.cpp">
      <Filter>Source Files</Filter>
    </ClCompile>
    <ClCompile Include="include\cr3.cpp">
      <Filter>Source Files</Filter>
    </ClCompile>
    <ClCompile Include="include\ddylog.cpp">
      <Filter>Source Files</Filter>
    </ClCompile>
    <ClCompile Include="include\ddyutil.cpp">
      <Filter>Source Files</Filter>
    </ClCompile>
    <ClCompile Include="include\instruction_check.cpp">
      <Filter>Source Files</Filter>
    </ClCompile>
    <ClCompile Include="include\modify_instruction.cpp">
      <Filter>Source Files</Filter>
    </ClCompile>
    <ClCompile Include="include\ntdll.cpp">
      <Filter>Source Files</Filter>
    </ClCompile>
    <ClCompile Include="include\pe.cpp">
      <Filter>Source Files</Filter>
    </ClCompile>
    <ClCompile Include="MemoryHide.cpp">
      <Filter>Source Files</Filter>
    </ClCompile>
    <ClCompile Include="SsdtHook.cpp">
      <Filter>Source Files</Filter>
    </ClCompile>
    <ClCompile Include="include\globalobject.cpp">
      <Filter>Source Files</Filter>
    </ClCompile>
    <ClCompile Include="DbgApi.cpp">
      <Filter>Source Files</Filter>
    </ClCompile>
    <ClCompile Include="HookDbgkApi.cpp">
      <Filter>Source Files</Filter>
    </ClCompile>
    <ClCompile Include="GrantManage.cpp">
      <Filter>Source Files</Filter>
    </ClCompile>
    <ClCompile Include="NoTraceBP.cpp">
      <Filter>Source Files</Filter>
    </ClCompile>
  </ItemGroup>
  <ItemGroup>
    <ClInclude Include="vmexit_custom.h">
      <Filter>Header Files</Filter>
    </ClInclude>
    <ClInclude Include="device_custom.h">
      <Filter>Header Files</Filter>
    </ClInclude>
    <ClInclude Include="Stowaways.h">
      <Filter>Header Files</Filter>
    </ClInclude>
    <ClInclude Include="include\Zycore\API\Memory.h">
      <Filter>Header Files</Filter>
    </ClInclude>
    <ClInclude Include="include\Zycore\API\Synchronization.h">
      <Filter>Header Files</Filter>
    </ClInclude>
    <ClInclude Include="include\Zycore\API\Terminal.h">
      <Filter>Header Files</Filter>
    </ClInclude>
    <ClInclude Include="include\Zycore\API\Thread.h">
      <Filter>Header Files</Filter>
    </ClInclude>
    <ClInclude Include="include\Zycore\Allocator.h">
      <Filter>Header Files</Filter>
    </ClInclude>
    <ClInclude Include="include\Zycore\ArgParse.h">
      <Filter>Header Files</Filter>
    </ClInclude>
    <ClInclude Include="include\Zycore\Bitset.h">
      <Filter>Header Files</Filter>
    </ClInclude>
    <ClInclude Include="include\Zycore\Comparison.h">
      <Filter>Header Files</Filter>
    </ClInclude>
    <ClInclude Include="include\Zycore\Defines.h">
      <Filter>Header Files</Filter>
    </ClInclude>
    <ClInclude Include="include\Zycore\Format.h">
      <Filter>Header Files</Filter>
    </ClInclude>
    <ClInclude Include="include\Zycore\LibC.h">
      <Filter>Header Files</Filter>
    </ClInclude>
    <ClInclude Include="include\Zycore\List.h">
      <Filter>Header Files</Filter>
    </ClInclude>
    <ClInclude Include="include\Zycore\Object.h">
      <Filter>Header Files</Filter>
    </ClInclude>
    <ClInclude Include="include\Zycore\Status.h">
      <Filter>Header Files</Filter>
    </ClInclude>
    <ClInclude Include="include\Zycore\String.h">
      <Filter>Header Files</Filter>
    </ClInclude>
    <ClInclude Include="include\Zycore\Types.h">
      <Filter>Header Files</Filter>
    </ClInclude>
    <ClInclude Include="include\Zycore\Vector.h">
      <Filter>Header Files</Filter>
    </ClInclude>
    <ClInclude Include="include\Zycore\Zycore.h">
      <Filter>Header Files</Filter>
    </ClInclude>
    <ClInclude Include="include\Zydis\Generated\EnumInstructionCategory.h">
      <Filter>Header Files</Filter>
    </ClInclude>
    <ClInclude Include="include\Zydis\Generated\EnumISAExt.h">
      <Filter>Header Files</Filter>
    </ClInclude>
    <ClInclude Include="include\Zydis\Generated\EnumISASet.h">
      <Filter>Header Files</Filter>
    </ClInclude>
    <ClInclude Include="include\Zydis\Generated\EnumMnemonic.h">
      <Filter>Header Files</Filter>
    </ClInclude>
    <ClInclude Include="include\Zydis\Generated\EnumRegister.h">
      <Filter>Header Files</Filter>
    </ClInclude>
    <ClInclude Include="include\Zydis\Internal\DecoderData.h">
      <Filter>Header Files</Filter>
    </ClInclude>
    <ClInclude Include="include\Zydis\Internal\FormatterATT.h">
      <Filter>Header Files</Filter>
    </ClInclude>
    <ClInclude Include="include\Zydis\Internal\FormatterBase.h">
      <Filter>Header Files</Filter>
    </ClInclude>
    <ClInclude Include="include\Zydis\Internal\FormatterIntel.h">
      <Filter>Header Files</Filter>
    </ClInclude>
    <ClInclude Include="include\Zydis\Internal\SharedData.h">
      <Filter>Header Files</Filter>
    </ClInclude>
    <ClInclude Include="include\Zydis\Internal\String.h">
      <Filter>Header Files</Filter>
    </ClInclude>
    <ClInclude Include="include\Zydis\Decoder.h">
      <Filter>Header Files</Filter>
    </ClInclude>
    <ClInclude Include="include\Zydis\DecoderTypes.h">
      <Filter>Header Files</Filter>
    </ClInclude>
    <ClInclude Include="include\Zydis\Formatter.h">
      <Filter>Header Files</Filter>
    </ClInclude>
    <ClInclude Include="include\Zydis\FormatterBuffer.h">
      <Filter>Header Files</Filter>
    </ClInclude>
    <ClInclude Include="include\Zydis\MetaInfo.h">
      <Filter>Header Files</Filter>
    </ClInclude>
    <ClInclude Include="include\Zydis\Mnemonic.h">
      <Filter>Header Files</Filter>
    </ClInclude>
    <ClInclude Include="include\Zydis\Register.h">
      <Filter>Header Files</Filter>
    </ClInclude>
    <ClInclude Include="include\Zydis\SharedTypes.h">
      <Filter>Header Files</Filter>
    </ClInclude>
    <ClInclude Include="include\Zydis\ShortString.h">
      <Filter>Header Files</Filter>
    </ClInclude>
    <ClInclude Include="include\Zydis\Status.h">
      <Filter>Header Files</Filter>
    </ClInclude>
    <ClInclude Include="include\Zydis\Utils.h">
      <Filter>Header Files</Filter>
    </ClInclude>
    <ClInclude Include="include\Zydis\Zydis.h">
      <Filter>Header Files</Filter>
    </ClInclude>
    <ClInclude Include="include\cr3.h">
      <Filter>Header Files</Filter>
    </ClInclude>
    <ClInclude Include="include\ddylog.h">
      <Filter>Header Files</Filter>
    </ClInclude>
    <ClInclude Include="include\ddyutil.h">
      <Filter>Header Files</Filter>
    </ClInclude>
    <ClInclude Include="include\instruction_check.h">
      <Filter>Header Files</Filter>
    </ClInclude>
    <ClInclude Include="include\intel_code.h">
      <Filter>Header Files</Filter>
    </ClInclude>
    <ClInclude Include="include\log.h">
      <Filter>Header Files</Filter>
    </ClInclude>
    <ClInclude Include="include\modify_instruction.h">
      <Filter>Header Files</Filter>
    </ClInclude>
    <ClInclude Include="include\ntdll.h">
      <Filter>Header Files</Filter>
    </ClInclude>
    <ClInclude Include="include\pe.h">
      <Filter>Header Files</Filter>
    </ClInclude>
    <ClInclude Include="include\undocenum.h">
      <Filter>Header Files</Filter>
    </ClInclude>
    <ClInclude Include="include\undocfun.h">
      <Filter>Header Files</Filter>
    </ClInclude>
    <ClInclude Include="include\undocstruct.h">
      <Filter>Header Files</Filter>
    </ClInclude>
    <ClInclude Include="include\utilenum.h">
      <Filter>Header Files</Filter>
    </ClInclude>
    <ClInclude Include="include\vt.h">
      <Filter>Header Files</Filter>
    </ClInclude>
    <ClInclude Include="include\ZycoreExportConfig.h">
      <Filter>Header Files</Filter>
    </ClInclude>
    <ClInclude Include="include\ZydisExportConfig.h">
      <Filter>Header Files</Filter>
    </ClInclude>
    <ClInclude Include="MemoryHide.h">
      <Filter>Header Files</Filter>
    </ClInclude>
    <ClInclude Include="SsdtHook.h">
      <Filter>Header Files</Filter>
    </ClInclude>
    <ClInclude Include="include\globalobject.h">
      <Filter>Header Files</Filter>
    </ClInclude>
    <ClInclude Include="winbase.h">
      <Filter>Header Files</Filter>
    </ClInclude>
    <ClInclude Include="DbgApi.h">
      <Filter>Header Files</Filter>
    </ClInclude>
    <ClInclude Include="HookDbgkApi.h">
      <Filter>Header Files</Filter>
    </ClInclude>
    <ClInclude Include="GrantManage.h">
      <Filter>Header Files</Filter>
    </ClInclude>
    <ClInclude Include="NoTraceBP.h">
      <Filter>Header Files</Filter>
    </ClInclude>
  </ItemGroup>
  <ItemGroup>
    <Inf Include="hvppdrv.inf">
      <Filter>Driver Files</Filter>
    </Inf>
  </ItemGroup>
  <ItemGroup>
    <MASM Include="PreSsdtApi.asm">
      <Filter>Source Files</Filter>
    </MASM>
  </ItemGroup>
</Project>